
Microsoft Visual Studio Solution File, Format Version 12.00
Project("{FAE04EC0-301F-11D3-BF4B-00C04F79EFBC}") = "Maui.Todo", "Maui.Todo\Maui.Todo.csproj", "{93F32042-4C89-4CAC-B137-3FA6C888FA5C}"
EndProject
Global
	GlobalSection(SolutionConfigurationPlatforms) = preSolution
		Debug|Any CPU = Debug|Any CPU
		Release|Any CPU = Release|Any CPU
	EndGlobalSection
	GlobalSection(ProjectConfigurationPlatforms) = postSolution
		{93F32042-4C89-4CAC-B137-3FA6C888FA5C}.Debug|Any CPU.ActiveCfg = Debug|Any CPU
		{93F32042-4C89-4CAC-B137-3FA6C888FA5C}.Debug|Any CPU.Build.0 = Debug|Any CPU
		{93F32042-4C89-4CAC-B137-3FA6C888FA5C}.Release|Any CPU.ActiveCfg = Release|Any CPU
		{93F32042-4C89-4CAC-B137-3FA6C888FA5C}.Release|Any CPU.Build.0 = Release|Any CPU
	EndGlobalSection
EndGlobal
